
Microsoft Visual Studio Solution File, Format Version 12.00
# Visual Studio Version 16
VisualStudioVersion = 16.0.32407.337
MinimumVisualStudioVersion = 10.0.40219.1
Project("{888888A0-9F3D-457C-B088-3A5042F75D52}") = "python1", "python1\python1.pyproj", "{32212C70-F427-484A-ACF0-4C0A22C1E2B3}"
EndProject
Global
	GlobalSection(SolutionConfigurationPlatforms) = preSolution
		Debug|Any CPU = Debug|Any CPU
		Release|Any CPU = Release|Any CPU
	EndGlobalSection
	GlobalSection(ProjectConfigurationPlatforms) = postSolution
		{32212C70-F427-484A-ACF0-4C0A22C1E2B3}.Debug|Any CPU.ActiveCfg = Debug|Any CPU
		{32212C70-F427-484A-ACF0-4C0A22C1E2B3}.Release|Any CPU.ActiveCfg = Release|Any CPU
	EndGlobalSection
	GlobalSection(SolutionProperties) = preSolution
		HideSolutionNode = FALSE
	EndGlobalSection
	GlobalSection(ExtensibilityGlobals) = postSolution
		SolutionGuid = {F500B704-B287-4D1F-B0EC-F7A56C5B01D1}
	EndGlobalSection
EndGlobal
